
Microsoft Visual Studio Solution File, Format Version 12.00
# Visual Studio Version 17
VisualStudioVersion = 17.6.33723.286
MinimumVisualStudioVersion = 10.0.40219.1
Project("{FAE04EC0-301F-11D3-BF4B-00C04F79EFBC}") = "egitim", "egitim\egitim.csproj", "{463BF2B7-E552-4AA8-A9F5-06F66688C46F}"
EndProject
Global
	GlobalSection(SolutionConfigurationPlatforms) = preSolution
		Debug|Any CPU = Debug|Any CPU
		Release|Any CPU = Release|Any CPU
	EndGlobalSection
	GlobalSection(ProjectConfigurationPlatforms) = postSolution
		{463BF2B7-E552-4AA8-A9F5-06F66688C46F}.Debug|Any CPU.ActiveCfg = Debug|Any CPU
		{463BF2B7-E552-4AA8-A9F5-06F66688C46F}.Debug|Any CPU.Build.0 = Debug|Any CPU
		{463BF2B7-E552-4AA8-A9F5-06F66688C46F}.Release|Any CPU.ActiveCfg = Release|Any CPU
		{463BF2B7-E552-4AA8-A9F5-06F66688C46F}.Release|Any CPU.Build.0 = Release|Any CPU
	EndGlobalSection
	GlobalSection(SolutionProperties) = preSolution
		HideSolutionNode = FALSE
	EndGlobalSection
	GlobalSection(ExtensibilityGlobals) = postSolution
		SolutionGuid = {52348810-7E61-4A95-849C-70DA35941D5B}
	EndGlobalSection
EndGlobal
